
Microsoft Visual Studio Solution File, Format Version 12.00
# Visual Studio 15
VisualStudioVersion = 15.0.27428.2015
MinimumVisualStudioVersion = 10.0.40219.1
Project("{FAE04EC0-301F-11D3-BF4B-00C04F79EFBC}") = "AutodijeloviAsp", "AutodijeloviAsp\AutodijeloviAsp.csproj", "{24075704-F995-4B14-BB98-E02DCBC0ADB5}"
EndProject
Global
	GlobalSection(SolutionConfigurationPlatforms) = preSolution
		Debug|Any CPU = Debug|Any CPU
		Release|Any CPU = Release|Any CPU
	EndGlobalSection
	GlobalSection(ProjectConfigurationPlatforms) = postSolution
		{24075704-F995-4B14-BB98-E02DCBC0ADB5}.Debug|Any CPU.ActiveCfg = Debug|Any CPU
		{24075704-F995-4B14-BB98-E02DCBC0ADB5}.Debug|Any CPU.Build.0 = Debug|Any CPU
		{24075704-F995-4B14-BB98-E02DCBC0ADB5}.Release|Any CPU.ActiveCfg = Release|Any CPU
		{24075704-F995-4B14-BB98-E02DCBC0ADB5}.Release|Any CPU.Build.0 = Release|Any CPU
	EndGlobalSection
	GlobalSection(SolutionProperties) = preSolution
		HideSolutionNode = FALSE
	EndGlobalSection
	GlobalSection(ExtensibilityGlobals) = postSolution
		SolutionGuid = {6415421D-261D-48D7-A866-1696B7388493}
	EndGlobalSection
EndGlobal
